
Microsoft Visual Studio Solution File, Format Version 12.00
# Visual Studio Version 16
VisualStudioVersion = 16.0.29509.3
MinimumVisualStudioVersion = 10.0.40219.1
Project("{FAE04EC0-301F-11D3-BF4B-00C04F79EFBC}") = "RentX", "RentX\RentX.csproj", "{21CB16AD-99B0-48BC-80DD-90C0B48CF593}"
EndProject
Global
	GlobalSection(SolutionConfigurationPlatforms) = preSolution
		Debug|Any CPU = Debug|Any CPU
		Release|Any CPU = Release|Any CPU
	EndGlobalSection
	GlobalSection(ProjectConfigurationPlatforms) = postSolution
		{21CB16AD-99B0-48BC-80DD-90C0B48CF593}.Debug|Any CPU.ActiveCfg = Debug|Any CPU
		{21CB16AD-99B0-48BC-80DD-90C0B48CF593}.Debug|Any CPU.Build.0 = Debug|Any CPU
		{21CB16AD-99B0-48BC-80DD-90C0B48CF593}.Release|Any CPU.ActiveCfg = Release|Any CPU
		{21CB16AD-99B0-48BC-80DD-90C0B48CF593}.Release|Any CPU.Build.0 = Release|Any CPU
	EndGlobalSection
	GlobalSection(SolutionProperties) = preSolution
		HideSolutionNode = FALSE
	EndGlobalSection
	GlobalSection(ExtensibilityGlobals) = postSolution
		SolutionGuid = {45782F83-1659-48A5-8541-F61CE5689DD8}
	EndGlobalSection
EndGlobal
